
Microsoft Visual Studio Solution File, Format Version 12.00
Project("{FAE04EC0-301F-11D3-BF4B-00C04F79EFBC}") = "TestProject1", "TestProject1\TestProject1.csproj", "{FE781EB3-1845-4323-9E73-3737869BF649}"
EndProject
Global
	GlobalSection(SolutionConfigurationPlatforms) = preSolution
		Debug|Any CPU = Debug|Any CPU
		Release|Any CPU = Release|Any CPU
	EndGlobalSection
	GlobalSection(ProjectConfigurationPlatforms) = postSolution
		{FE781EB3-1845-4323-9E73-3737869BF649}.Debug|Any CPU.ActiveCfg = Debug|Any CPU
		{FE781EB3-1845-4323-9E73-3737869BF649}.Debug|Any CPU.Build.0 = Debug|Any CPU
		{FE781EB3-1845-4323-9E73-3737869BF649}.Release|Any CPU.ActiveCfg = Release|Any CPU
		{FE781EB3-1845-4323-9E73-3737869BF649}.Release|Any CPU.Build.0 = Release|Any CPU
	EndGlobalSection
EndGlobal
